// !$*UTF8*$!
{
	archiveVersion = 1;
	classes = {
	};
	objectVersion = 77;
	objects = {

/* Begin PBXContainerItemProxy section */
		C4F3D4B62F4E7A16007B843B /* PBXContainerItemProxy */ = {
			isa = PBXContainerItemProxy;
			containerPortal = C4F3D4A02F4E7A14007B843B /* Project object */;
			proxyType = 1;
			remoteGlobalIDString = C4F3D4A72F4E7A14007B843B;
			remoteInfo = vCare;
		};
		C4F3D4C02F4E7A16007B843B /* PBXContainerItemProxy */ = {
			isa = PBXContainerItemProxy;
			containerPortal = C4F3D4A02F4E7A14007B843B /* Project object */;
			proxyType = 1;
			remoteGlobalIDString = C4F3D4A72F4E7A14007B843B;
			remoteInfo = vCare;
		};
/* End PBXContainerItemProxy section */

/* Begin PBXFileReference section */
		C4F3D4A82F4E7A14007B843B /* vCare.app */ = {isa = PBXFileReference; explicitFileType = wrapper.application; includeInIndex = 0; path = vCare.app; sourceTree = BUILT_PRODUCTS_DIR; };
		C4F3D4B52F4E7A16007B843B /* vCareTests.xctest */ = {isa = PBXFileReference; explicitFileType = wrapper.cfbundle; includeInIndex = 0; path = vCareTests.xctest; sourceTree = BUILT_PRODUCTS_DIR; };
		C4F3D4BF2F4E7A16007B843B /* vCareUITests.xctest */ = {isa = PBXFileReference; explicitFileType = wrapper.cfbundle; includeInIndex = 0; path = vCareUITests.xctest; sourceTree = BUILT_PRODUCTS_DIR; };
/* End PBXFileReference section */

/* Begin PBXFileSystemSynchronizedRootGroup section */
		C4F3D4AA2F4E7A14007B843B /* vCare */ = {
			isa = PBXFileSystemSynchronizedRootGroup;
			path = vCare;
			sourceTree = "<group>";
		};
		C4F3D4B82F4E7A16007B843B /* vCareTests */ = {
			isa = PBXFileSystemSynchronizedRootGroup;
			path = vCareTests;
			sourceTree = "<group>";
		};
		C4F3D4C22F4E7A16007B843B /* vCareUITests */ = {
			isa = PBXFileSystemSynchronizedRootGroup;
			path = vCareUITests;
			sourceTree = "<group>";
		};
/* End PBXFileSystemSynchronizedRootGroup section */

/* Begin PBXFrameworksBuildPhase section */
		C4F3D4A52F4E7A14007B843B /* Frameworks */ = {
			isa = PBXFrameworksBuildPhase;
			buildActionMask = 2147483647;
			files = (
			);
			runOnlyForDeploymentPostprocessing = 0;
		};
		C4F3D4B22F4E7A16007B843B /* Frameworks */ = {
			isa = PBXFrameworksBuildPhase;
			buildActionMask = 2147483647;
			files = (
			);
			runOnlyForDeploymentPostprocessing = 0;
		};
		C4F3D4BC2F4E7A16007B843B /* Frameworks */ = {
			isa = PBXFrameworksBuildPhase;
			buildActionMask = 2147483647;
			files = (
			);
			runOnlyForDeploymentPostprocessing = 0;
		};
/* End PBXFrameworksBuildPhase section */

/* Begin PBXGroup section */
		C4F3D49F2F4E7A14007B843B = {
			isa = PBXGroup;
			children = (
				C4F3D4AA2F4E7A14007B843B /* vCare */,
				C4F3D4B82F4E7A16007B843B /* vCareTests */,
				C4F3D4C22F4E7A16007B843B /* vCareUITests */,
				C4F3D4A92F4E7A14007B843B /* Products */,
			);
			sourceTree = "<group>";
		};
		C4F3D4A92F4E7A14007B843B /* Products */ = {
			isa = PBXGroup;
			children = (
				C4F3D4A82F4E7A14007B843B /* vCare.app */,
				C4F3D4B52F4E7A16007B843B /* vCareTests.xctest */,
				C4F3D4BF2F4E7A16007B843B /* vCareUITests.xctest */,
			);
			name = Products;
			sourceTree = "<group>";
		};
/* End PBXGroup section */

/* Begin PBXNativeTarget section */
		C4F3D4A72F4E7A14007B843B /* vCare */ = {
			isa = PBXNativeTarget;
			buildConfigurationList = C4F3D4C92F4E7A16007B843B /* Build configuration list for PBXNativeTarget "vCare" */;
			buildPhases = (
				C4F3D4A42F4E7A14007B843B /* Sources */,
				C4F3D4A52F4E7A14007B843B /* Frameworks */,
				C4F3D4A62F4E7A14007B843B /* Resources */,
			);
			buildRules = (
			);
			dependencies = (
			);
			fileSystemSynchronizedGroups = (
				C4F3D4AA2F4E7A14007B843B /* vCare */,
			);
			name = vCare;
			packageProductDependencies = (
			);
			productName = vCare;
			productReference = C4F3D4A82F4E7A14007B843B /* vCare.app */;
			productType = "com.apple.product-type.application";
		};
		C4F3D4B42F4E7A16007B843B /* vCareTests */ = {
			isa = PBXNativeTarget;
			buildConfigurationList = C4F3D4CC2F4E7A16007B843B /* Build configuration list for PBXNativeTarget "vCareTests" */;
			buildPhases = (
				C4F3D4B12F4E7A16007B843B /* Sources */,
				C4F3D4B22F4E7A16007B843B /* Frameworks */,
				C4F3D4B32F4E7A16007B843B /* Resources */,
			);
			buildRules = (
			);
			dependencies = (
				C4F3D4B72F4E7A16007B843B /* PBXTargetDependency */,
			);
			fileSystemSynchronizedGroups = (
				C4F3D4B82F4E7A16007B843B /* vCareTests */,
			);
			name = vCareTests;
			packageProductDependencies = (
			);
			productName = vCareTests;
			productReference = C4F3D4B52F4E7A16007B843B /* vCareTests.xctest */;
			productType = "com.apple.product-type.bundle.unit-test";
		};
		C4F3D4BE2F4E7A16007B843B /* vCareUITests */ = {
			isa = PBXNativeTarget;
			buildConfigurationList = C4F3D4CF2F4E7A16007B843B /* Build configuration list for PBXNativeTarget "vCareUITests" */;
			buildPhases = (
				C4F3D4BB2F4E7A16007B843B /* Sources */,
				C4F3D4BC2F4E7A16007B843B /* Frameworks */,
				C4F3D4BD2F4E7A16007B843B /* Resources */,
			);
			buildRules = (
			);
			dependencies = (
				C4F3D4C12F4E7A16007B843B /* PBXTargetDependency */,
			);
			fileSystemSynchronizedGroups = (
				C4F3D4C22F4E7A16007B843B /* vCareUITests */,
			);
			name = vCareUITests;
			packageProductDependencies = (
			);
			productName = vCareUITests;
			productReference = C4F3D4BF2F4E7A16007B843B /* vCareUITests.xctest */;
			productType = "com.apple.product-type.bundle.ui-testing";
		};
/* End PBXNativeTarget section */

/* Begin PBXProject section */
		C4F3D4A02F4E7A14007B843B /* Project object */ = {
			isa = PBXProject;
			attributes = {
				BuildIndependentTargetsInParallel = 1;
				LastSwiftUpdateCheck = 1640;
				LastUpgradeCheck = 1640;
				TargetAttributes = {
					C4F3D4A72F4E7A14007B843B = {
						CreatedOnToolsVersion = 16.4;
					};
					C4F3D4B42F4E7A16007B843B = {
						CreatedOnToolsVersion = 16.4;
						TestTargetID = C4F3D4A72F4E7A14007B843B;
					};
					C4F3D4BE2F4E7A16007B843B = {
						CreatedOnToolsVersion = 16.4;
						TestTargetID = C4F3D4A72F4E7A14007B843B;
					};
				};
			};
			buildConfigurationList = C4F3D4A32F4E7A14007B843B /* Build configuration list for PBXProject "vCare" */;
			developmentRegion = en;
			hasScannedForEncodings = 0;
			knownRegions = (
				en,
				Base,
			);
			mainGroup = C4F3D49F2F4E7A14007B843B;
			minimizedProjectReferenceProxies = 1;
			preferredProjectObjectVersion = 77;
			productRefGroup = C4F3D4A92F4E7A14007B843B /* Products */;
			projectDirPath = "";
			projectRoot = "";
			targets = (
				C4F3D4A72F4E7A14007B843B /* vCare */,
				C4F3D4B42F4E7A16007B843B /* vCareTests */,
				C4F3D4BE2F4E7A16007B843B /* vCareUITests */,
			);
		};
/* End PBXProject section */

/* Begin PBXResourcesBuildPhase section */
		C4F3D4A62F4E7A14007B843B /* Resources */ = {
			isa = PBXResourcesBuildPhase;
			buildActionMask = 2147483647;
			files = (
			);
			runOnlyForDeploymentPostprocessing = 0;
		};
		C4F3D4B32F4E7A16007B843B /* Resources */ = {
			isa = PBXResourcesBuildPhase;
			buildActionMask = 2147483647;
			files = (
			);
			runOnlyForDeploymentPostprocessing = 0;
		};
		C4F3D4BD2F4E7A16007B843B /* Resources */ = {
			isa = PBXResourcesBuildPhase;
			buildActionMask = 2147483647;
			files = (
			);
			runOnlyForDeploymentPostprocessing = 0;
		};
/* End PBXResourcesBuildPhase section */

/* Begin PBXSourcesBuildPhase section */
		C4F3D4A42F4E7A14007B843B /* Sources */ = {
			isa = PBXSourcesBuildPhase;
			buildActionMask = 2147483647;
			files = (
			);
			runOnlyForDeploymentPostprocessing = 0;
		};
		C4F3D4B12F4E7A16007B843B /* Sources */ = {
			isa = PBXSourcesBuildPhase;
			buildActionMask = 2147483647;
			files = (
			);
			runOnlyForDeploymentPostprocessing = 0;
		};
		C4F3D4BB2F4E7A16007B843B /* Sources */ = {
			isa = PBXSourcesBuildPhase;
			buildActionMask = 2147483647;
			files = (
			);
			runOnlyForDeploymentPostprocessing = 0;
		};
/* End PBXSourcesBuildPhase section */

/* Begin PBXTargetDependency section */
		C4F3D4B72F4E7A16007B843B /* PBXTargetDependency */ = {
			isa = PBXTargetDependency;
			target = C4F3D4A72F4E7A14007B843B /* vCare */;
			targetProxy = C4F3D4B62F4E7A16007B843B /* PBXContainerItemProxy */;
		};
		C4F3D4C12F4E7A16007B843B /* PBXTargetDependency */ = {
			isa = PBXTargetDependency;
			target = C4F3D4A72F4E7A14007B843B /* vCare */;
			targetProxy = C4F3D4C02F4E7A16007B843B /* PBXContainerItemProxy */;
		};
/* End PBXTargetDependency section */

/* Begin XCBuildConfiguration section */
		C4F3D4C72F4E7A16007B843B /* Debug */ = {
			isa = XCBuildConfiguration;
			buildSettings = {
				ALWAYS_SEARCH_USER_PATHS = NO;
				ASSETCATALOG_COMPILER_GENERATE_SWIFT_ASSET_SYMBOL_EXTENSIONS = YES;
				CLANG_ANALYZER_NONNULL = YES;
				CLANG_ANALYZER_NUMBER_OBJECT_CONVERSION = YES_AGGRESSIVE;
				CLANG_CXX_LANGUAGE_STANDARD = "gnu++20";
				CLANG_ENABLE_MODULES = YES;
				CLANG_ENABLE_OBJC_ARC = YES;
				CLANG_ENABLE_OBJC_WEAK = YES;
				CLANG_WARN_BLOCK_CAPTURE_AUTORELEASING = YES;
				CLANG_WARN_BOOL_CONVERSION = YES;
				CLANG_WARN_COMMA = YES;
				CLANG_WARN_CONSTANT_CONVERSION = YES;
				CLANG_WARN_DEPRECATED_OBJC_IMPLEMENTATIONS = YES;
				CLANG_WARN_DIRECT_OBJC_ISA_USAGE = YES_ERROR;
				CLANG_WARN_DOCUMENTATION_COMMENTS = YES;
				CLANG_WARN_EMPTY_BODY = YES;
				CLANG_WARN_ENUM_CONVERSION = YES;
				CLANG_WARN_INFINITE_RECURSION = YES;
				CLANG_WARN_INT_CONVERSION = YES;
				CLANG_WARN_NON_LITERAL_NULL_CONVERSION = YES;
				CLANG_WARN_OBJC_IMPLICIT_RETAIN_SELF = YES;
				CLANG_WARN_OBJC_LITERAL_CONVERSION = YES;
				CLANG_WARN_OBJC_ROOT_CLASS = YES_ERROR;
				CLANG_WARN_QUOTED_INCLUDE_IN_FRAMEWORK_HEADER = YES;
				CLANG_WARN_RANGE_LOOP_ANALYSIS = YES;
				CLANG_WARN_STRICT_PROTOTYPES = YES;
				CLANG_WARN_SUSPICIOUS_MOVE = YES;
				CLANG_WARN_UNGUARDED_AVAILABILITY = YES_AGGRESSIVE;
				CLANG_WARN_UNREACHABLE_CODE = YES;
				CLANG_WARN__DUPLICATE_METHOD_MATCH = YES;
				COPY_PHASE_STRIP = NO;
				DEBUG_INFORMATION_FORMAT = dwarf;
				DEVELOPMENT_TEAM = 9G8RQX8VS9;
				ENABLE_STRICT_OBJC_MSGSEND = YES;
				ENABLE_TESTABILITY = YES;
				ENABLE_USER_SCRIPT_SANDBOXING = YES;
				GCC_C_LANGUAGE_STANDARD = gnu17;
				GCC_DYNAMIC_NO_PIC = NO;
				GCC_NO_COMMON_BLOCKS = YES;
				GCC_OPTIMIZATION_LEVEL = 0;
				GCC_PREPROCESSOR_DEFINITIONS = (
					"DEBUG=1",
					"$(inherited)",
				);
				GCC_WARN_64_TO_32_BIT_CONVERSION = YES;
				GCC_WARN_ABOUT_RETURN_TYPE = YES_ERROR;
				GCC_WARN_UNDECLARED_SELECTOR = YES;
				GCC_WARN_UNINITIALIZED_AUTOS = YES_AGGRESSIVE;
				GCC_WARN_UNUSED_FUNCTION = YES;
				GCC_WARN_UNUSED_VARIABLE = YES;
				IPHONEOS_DEPLOYMENT_TARGET = 18.5;
				LOCALIZATION_PREFERS_STRING_CATALOGS = YES;
				MTL_ENABLE_DEBUG_INFO = INCLUDE_SOURCE;
				MTL_FAST_MATH = YES;
				ONLY_ACTIVE_ARCH = YES;
				SDKROOT = iphoneos;
				SWIFT_ACTIVE_COMPILATION_CONDITIONS = "DEBUG $(inherited)";
				SWIFT_OPTIMIZATION_LEVEL = "-Onone";
			};
			name = Debug;
		};
		C4F3D4C82F4E7A16007B843B /* Release */ = {
			isa = XCBuildConfiguration;
			buildSettings = {
				ALWAYS_SEARCH_USER_PATHS = NO;
				ASSETCATALOG_COMPILER_GENERATE_SWIFT_ASSET_SYMBOL_EXTENSIONS = YES;
				CLANG_ANALYZER_NONNULL = YES;
				CLANG_ANALYZER_NUMBER_OBJECT_CONVERSION = YES_AGGRESSIVE;
				CLANG_CXX_LANGUAGE_STANDARD = "gnu++20";
				CLANG_ENABLE_MODULES = YES;
				CLANG_ENABLE_OBJC_ARC = YES;
				CLANG_ENABLE_OBJC_WEAK = YES;
				CLANG_WARN_BLOCK_CAPTURE_AUTORELEASING = YES;
				CLANG_WARN_BOOL_CONVERSION = YES;
				CLANG_WARN_COMMA = YES;
				CLANG_WARN_CONSTANT_CONVERSION = YES;
				CLANG_WARN_DEPRECATED_OBJC_IMPLEMENTATIONS = YES;
				CLANG_WARN_DIRECT_OBJC_ISA_USAGE = YES_ERROR;
				CLANG_WARN_DOCUMENTATION_COMMENTS = YES;
				CLANG_WARN_EMPTY_BODY = YES;
				CLANG_WARN_ENUM_CONVERSION = YES;
				CLANG_WARN_INFINITE_RECURSION = YES;
				CLANG_WARN_INT_CONVERSION = YES;
				CLANG_WARN_NON_LITERAL_NULL_CONVERSION = YES;
				CLANG_WARN_OBJC_IMPLICIT_RETAIN_SELF = YES;
				CLANG_WARN_OBJC_LITERAL_CONVERSION = YES;
				CLANG_WARN_OBJC_ROOT_CLASS = YES_ERROR;
				CLANG_WARN_QUOTED_INCLUDE_IN_FRAMEWORK_HEADER = YES;
				CLANG_WARN_RANGE_LOOP_ANALYSIS = YES;
				CLANG_WARN_STRICT_PROTOTYPES = YES;
				CLANG_WARN_SUSPICIOUS_MOVE = YES;
				CLANG_WARN_UNGUARDED_AVAILABILITY = YES_AGGRESSIVE;
				CLANG_WARN_UNREACHABLE_CODE = YES;
				CLANG_WARN__DUPLICATE_METHOD_MATCH = YES;
				COPY_PHASE_STRIP = NO;
				DEBUG_INFORMATION_FORMAT = "dwarf-with-dsym";
				DEVELOPMENT_TEAM = 9G8RQX8VS9;
				ENABLE_NS_ASSERTIONS = NO;
				ENABLE_STRICT_OBJC_MSGSEND = YES;
				ENABLE_USER_SCRIPT_SANDBOXING = YES;
				GCC_C_LANGUAGE_STANDARD = gnu17;
				GCC_NO_COMMON_BLOCKS = YES;
				GCC_WARN_64_TO_32_BIT_CONVERSION = YES;
				GCC_WARN_ABOUT_RETURN_TYPE = YES_ERROR;
				GCC_WARN_UNDECLARED_SELECTOR = YES;
				GCC_WARN_UNINITIALIZED_AUTOS = YES_AGGRESSIVE;
				GCC_WARN_UNUSED_FUNCTION = YES;
				GCC_WARN_UNUSED_VARIABLE = YES;
				IPHONEOS_DEPLOYMENT_TARGET = 18.5;
				LOCALIZATION_PREFERS_STRING_CATALOGS = YES;
				MTL_ENABLE_DEBUG_INFO = NO;
				MTL_FAST_MATH = YES;
				SDKROOT = iphoneos;
				SWIFT_COMPILATION_MODE = wholemodule;
				VALIDATE_PRODUCT = YES;
			};
			name = Release;
		};
		C4F3D4CA2F4E7A16007B843B /* Debug */ = {
			isa = XCBuildConfiguration;
			buildSettings = {
				ASSETCATALOG_COMPILER_APPICON_NAME = AppIcon;
				ASSETCATALOG_COMPILER_GLOBAL_ACCENT_COLOR_NAME = AccentColor;
				CODE_SIGN_STYLE = Automatic;
				CURRENT_PROJECT_VERSION = 1;
				DEVELOPMENT_TEAM = 9G8RQX8VS9;
				ENABLE_PREVIEWS = YES;
				GENERATE_INFOPLIST_FILE = YES;
				INFOPLIST_KEY_UIApplicationSceneManifest_Generation = YES;
				INFOPLIST_KEY_UIApplicationSupportsIndirectInputEvents = YES;
				INFOPLIST_KEY_UILaunchScreen_Generation = YES;
				INFOPLIST_KEY_UISupportedInterfaceOrientations_iPad = "UIInterfaceOrientationPortrait UIInterfaceOrientationPortraitUpsideDown UIInterfaceOrientationLandscapeLeft UIInterfaceOrientationLandscapeRight";
				INFOPLIST_KEY_UISupportedInterfaceOrientations_iPhone = "UIInterfaceOrientationPortrait UIInterfaceOrientationLandscapeLeft UIInterfaceOrientationLandscapeRight";
				LD_RUNPATH_SEARCH_PATHS = (
					"$(inherited)",
					"@executable_path/Frameworks",
				);
				MARKETING_VERSION = 1.0;
				PRODUCT_BUNDLE_IDENTIFIER = noor.vCare;
				PRODUCT_NAME = "$(TARGET_NAME)";
				SWIFT_EMIT_LOC_STRINGS = YES;
				SWIFT_VERSION = 5.0;
				TARGETED_DEVICE_FAMILY = "1,2";
			};
			name = Debug;
		};
		C4F3D4CB2F4E7A16007B843B /* Release */ = {
			isa = XCBuildConfiguration;
			buildSettings = {
				ASSETCATALOG_COMPILER_APPICON_NAME = AppIcon;
				ASSETCATALOG_COMPILER_GLOBAL_ACCENT_COLOR_NAME = AccentColor;
				CODE_SIGN_STYLE = Automatic;
				CURRENT_PROJECT_VERSION = 1;
				DEVELOPMENT_TEAM = 9G8RQX8VS9;
				ENABLE_PREVIEWS = YES;
				GENERATE_INFOPLIST_FILE = YES;
				INFOPLIST_KEY_UIApplicationSceneManifest_Generation = YES;
				INFOPLIST_KEY_UIApplicationSupportsIndirectInputEvents = YES;
				INFOPLIST_KEY_UILaunchScreen_Generation = YES;
				INFOPLIST_KEY_UISupportedInterfaceOrientations_iPad = "UIInterfaceOrientationPortrait UIInterfaceOrientationPortraitUpsideDown UIInterfaceOrientationLandscapeLeft UIInterfaceOrientationLandscapeRight";
				INFOPLIST_KEY_UISupportedInterfaceOrientations_iPhone = "UIInterfaceOrientationPortrait UIInterfaceOrientationLandscapeLeft UIInterfaceOrientationLandscapeRight";
				LD_RUNPATH_SEARCH_PATHS = (
					"$(inherited)",
					"@executable_path/Frameworks",
				);
				MARKETING_VERSION = 1.0;
				PRODUCT_BUNDLE_IDENTIFIER = noor.vCare;
				PRODUCT_NAME = "$(TARGET_NAME)";
				SWIFT_EMIT_LOC_STRINGS = YES;
				SWIFT_VERSION = 5.0;
				TARGETED_DEVICE_FAMILY = "1,2";
			};
			name = Release;
		};
		C4F3D4CD2F4E7A16007B843B /* Debug */ = {
			isa = XCBuildConfiguration;
			buildSettings = {
				BUNDLE_LOADER = "$(TEST_HOST)";
				CODE_SIGN_STYLE = Automatic;
				CURRENT_PROJECT_VERSION = 1;
				DEVELOPMENT_TEAM = 9G8RQX8VS9;
				GENERATE_INFOPLIST_FILE = YES;
				IPHONEOS_DEPLOYMENT_TARGET = 18.5;
				MARKETING_VERSION = 1.0;
				PRODUCT_BUNDLE_IDENTIFIER = noor.vCareTests;
				PRODUCT_NAME = "$(TARGET_NAME)";
				SWIFT_EMIT_LOC_STRINGS = NO;
				SWIFT_VERSION = 5.0;
				TARGETED_DEVICE_FAMILY = "1,2";
				TEST_HOST = "$(BUILT_PRODUCTS_DIR)/vCare.app/$(BUNDLE_EXECUTABLE_FOLDER_PATH)/vCare";
			};
			name = Debug;
		};
		C4F3D4CE2F4E7A16007B843B /* Release */ = {
			isa = XCBuildConfiguration;
			buildSettings = {
				BUNDLE_LOADER = "$(TEST_HOST)";
				CODE_SIGN_STYLE = Automatic;
				CURRENT_PROJECT_VERSION = 1;
				DEVELOPMENT_TEAM = 9G8RQX8VS9;
				GENERATE_INFOPLIST_FILE = YES;
				IPHONEOS_DEPLOYMENT_TARGET = 18.5;
				MARKETING_VERSION = 1.0;
				PRODUCT_BUNDLE_IDENTIFIER = noor.vCareTests;
				PRODUCT_NAME = "$(TARGET_NAME)";
				SWIFT_EMIT_LOC_STRINGS = NO;
				SWIFT_VERSION = 5.0;
				TARGETED_DEVICE_FAMILY = "1,2";
				TEST_HOST = "$(BUILT_PRODUCTS_DIR)/vCare.app/$(BUNDLE_EXECUTABLE_FOLDER_PATH)/vCare";
			};
			name = Release;
		};
		C4F3D4D02F4E7A16007B843B /* Debug */ = {
			isa = XCBuildConfiguration;
			buildSettings = {
				CODE_SIGN_STYLE = Automatic;
				CURRENT_PROJECT_VERSION = 1;
				DEVELOPMENT_TEAM = 9G8RQX8VS9;
				GENERATE_INFOPLIST_FILE = YES;
				MARKETING_VERSION = 1.0;
				PRODUCT_BUNDLE_IDENTIFIER = noor.vCareUITests;
				PRODUCT_NAME = "$(TARGET_NAME)";
				SWIFT_EMIT_LOC_STRINGS = NO;
				SWIFT_VERSION = 5.0;
				TARGETED_DEVICE_FAMILY = "1,2";
				TEST_TARGET_NAME = vCare;
			};
			name = Debug;
		};
		C4F3D4D12F4E7A16007B843B /* Release */ = {
			isa = XCBuildConfiguration;
			buildSettings = {
				CODE_SIGN_STYLE = Automatic;
				CURRENT_PROJECT_VERSION = 1;
				DEVELOPMENT_TEAM = 9G8RQX8VS9;
				GENERATE_INFOPLIST_FILE = YES;
				MARKETING_VERSION = 1.0;
				PRODUCT_BUNDLE_IDENTIFIER = noor.vCareUITests;
				PRODUCT_NAME = "$(TARGET_NAME)";
				SWIFT_EMIT_LOC_STRINGS = NO;
				SWIFT_VERSION = 5.0;
				TARGETED_DEVICE_FAMILY = "1,2";
				TEST_TARGET_NAME = vCare;
			};
			name = Release;
		};
/* End XCBuildConfiguration section */

/* Begin XCConfigurationList section */
		C4F3D4A32F4E7A14007B843B /* Build configuration list for PBXProject "vCare" */ = {
			isa = XCConfigurationList;
			buildConfigurations = (
				C4F3D4C72F4E7A16007B843B /* Debug */,
				C4F3D4C82F4E7A16007B843B /* Release */,
			);
			defaultConfigurationIsVisible = 0;
			defaultConfigurationName = Release;
		};
		C4F3D4C92F4E7A16007B843B /* Build configuration list for PBXNativeTarget "vCare" */ = {
			isa = XCConfigurationList;
			buildConfigurations = (
				C4F3D4CA2F4E7A16007B843B /* Debug */,
				C4F3D4CB2F4E7A16007B843B /* Release */,
			);
			defaultConfigurationIsVisible = 0;
			defaultConfigurationName = Release;
		};
		C4F3D4CC2F4E7A16007B843B /* Build configuration list for PBXNativeTarget "vCareTests" */ = {
			isa = XCConfigurationList;
			buildConfigurations = (
				C4F3D4CD2F4E7A16007B843B /* Debug */,
				C4F3D4CE2F4E7A16007B843B /* Release */,
			);
			defaultConfigurationIsVisible = 0;
			defaultConfigurationName = Release;
		};
		C4F3D4CF2F4E7A16007B843B /* Build configuration list for PBXNativeTarget "vCareUITests" */ = {
			isa = XCConfigurationList;
			buildConfigurations = (
				C4F3D4D02F4E7A16007B843B /* Debug */,
				C4F3D4D12F4E7A16007B843B /* Release */,
			);
			defaultConfigurationIsVisible = 0;
			defaultConfigurationName = Release;
		};
/* End XCConfigurationList section */
	};
	rootObject = C4F3D4A02F4E7A14007B843B /* Project object */;
}
